
Microsoft Visual Studio Solution File, Format Version 12.00
# Visual Studio Version 16
VisualStudioVersion = 16.0.31410.357
MinimumVisualStudioVersion = 10.0.40219.1
Project("{8BC9CEB8-8B4A-11D0-8D11-00A0C91BC942}") = "TinyAntiDebugTricks", "TinyAntiDebugTricks.vcxproj", "{FFD86CE5-4AFE-46EA-ACA3-A089B1C2D83A}"
EndProject
Global
	GlobalSection(SolutionConfigurationPlatforms) = preSolution
		Debug|x64 = Debug|x64
		Debug|x86 = Debug|x86
		Release|x64 = Release|x64
		Release|x86 = Release|x86
	EndGlobalSection
	GlobalSection(ProjectConfigurationPlatforms) = postSolution
		{FFD86CE5-4AFE-46EA-ACA3-A089B1C2D83A}.Debug|x64.ActiveCfg = Debug|x64
		{FFD86CE5-4AFE-46EA-ACA3-A089B1C2D83A}.Debug|x64.Build.0 = Debug|x64
		{FFD86CE5-4AFE-46EA-ACA3-A089B1C2D83A}.Debug|x86.ActiveCfg = Debug|Win32
		{FFD86CE5-4AFE-46EA-ACA3-A089B1C2D83A}.Debug|x86.Build.0 = Debug|Win32
		{FFD86CE5-4AFE-46EA-ACA3-A089B1C2D83A}.Release|x64.ActiveCfg = Release|x64
		{FFD86CE5-4AFE-46EA-ACA3-A089B1C2D83A}.Release|x64.Build.0 = Release|x64
		{FFD86CE5-4AFE-46EA-ACA3-A089B1C2D83A}.Release|x86.ActiveCfg = Release|Win32
		{FFD86CE5-4AFE-46EA-ACA3-A089B1C2D83A}.Release|x86.Build.0 = Release|Win32
	EndGlobalSection
	GlobalSection(SolutionProperties) = preSolution
		HideSolutionNode = FALSE
	EndGlobalSection
	GlobalSection(ExtensibilityGlobals) = postSolution
		SolutionGuid = {390CDA85-30FC-489E-8EFF-1BF46D599A92}
	EndGlobalSection
EndGlobal
